
Microsoft Visual Studio Solution File, Format Version 12.00
# Visual Studio Version 17
VisualStudioVersion = 17.5.33516.290
MinimumVisualStudioVersion = 10.0.40219.1
Project("{FAE04EC0-301F-11D3-BF4B-00C04F79EFBC}") = "Ejercicio_19", "Ejercicio_19\Ejercicio_19.csproj", "{630DC846-D93F-4619-919E-AF70ABAB8F07}"
EndProject
Project("{FAE04EC0-301F-11D3-BF4B-00C04F79EFBC}") = "Operaciones", "Operaciones\Operaciones.csproj", "{117F6F07-5199-4F10-ABCD-A56EDFF42FB8}"
EndProject
Global
	GlobalSection(SolutionConfigurationPlatforms) = preSolution
		Debug|Any CPU = Debug|Any CPU
		Release|Any CPU = Release|Any CPU
	EndGlobalSection
	GlobalSection(ProjectConfigurationPlatforms) = postSolution
		{630DC846-D93F-4619-919E-AF70ABAB8F07}.Debug|Any CPU.ActiveCfg = Debug|Any CPU
		{630DC846-D93F-4619-919E-AF70ABAB8F07}.Debug|Any CPU.Build.0 = Debug|Any CPU
		{630DC846-D93F-4619-919E-AF70ABAB8F07}.Release|Any CPU.ActiveCfg = Release|Any CPU
		{630DC846-D93F-4619-919E-AF70ABAB8F07}.Release|Any CPU.Build.0 = Release|Any CPU
		{117F6F07-5199-4F10-ABCD-A56EDFF42FB8}.Debug|Any CPU.ActiveCfg = Debug|Any CPU
		{117F6F07-5199-4F10-ABCD-A56EDFF42FB8}.Debug|Any CPU.Build.0 = Debug|Any CPU
		{117F6F07-5199-4F10-ABCD-A56EDFF42FB8}.Release|Any CPU.ActiveCfg = Release|Any CPU
		{117F6F07-5199-4F10-ABCD-A56EDFF42FB8}.Release|Any CPU.Build.0 = Release|Any CPU
	EndGlobalSection
	GlobalSection(SolutionProperties) = preSolution
		HideSolutionNode = FALSE
	EndGlobalSection
	GlobalSection(ExtensibilityGlobals) = postSolution
		SolutionGuid = {9A22DE74-ABEE-4A8B-B838-AEEB9F1809BA}
	EndGlobalSection
EndGlobal
