
Microsoft Visual Studio Solution File, Format Version 12.00
# Visual Studio Version 17
VisualStudioVersion = 17.5.33516.290
MinimumVisualStudioVersion = 10.0.40219.1
Project("{FAE04EC0-301F-11D3-BF4B-00C04F79EFBC}") = "Ejercicio_17", "Ejercicio_17\Ejercicio_17.csproj", "{DBA7177A-5715-4A40-A6F8-7E1E63838A0E}"
EndProject
Project("{FAE04EC0-301F-11D3-BF4B-00C04F79EFBC}") = "Cartuchera", "Cartuchera\Cartuchera.csproj", "{DEEBBCBC-AB36-4979-8F17-F998AAEE7CFD}"
EndProject
Global
	GlobalSection(SolutionConfigurationPlatforms) = preSolution
		Debug|Any CPU = Debug|Any CPU
		Release|Any CPU = Release|Any CPU
	EndGlobalSection
	GlobalSection(ProjectConfigurationPlatforms) = postSolution
		{DBA7177A-5715-4A40-A6F8-7E1E63838A0E}.Debug|Any CPU.ActiveCfg = Debug|Any CPU
		{DBA7177A-5715-4A40-A6F8-7E1E63838A0E}.Debug|Any CPU.Build.0 = Debug|Any CPU
		{DBA7177A-5715-4A40-A6F8-7E1E63838A0E}.Release|Any CPU.ActiveCfg = Release|Any CPU
		{DBA7177A-5715-4A40-A6F8-7E1E63838A0E}.Release|Any CPU.Build.0 = Release|Any CPU
		{DEEBBCBC-AB36-4979-8F17-F998AAEE7CFD}.Debug|Any CPU.ActiveCfg = Debug|Any CPU
		{DEEBBCBC-AB36-4979-8F17-F998AAEE7CFD}.Debug|Any CPU.Build.0 = Debug|Any CPU
		{DEEBBCBC-AB36-4979-8F17-F998AAEE7CFD}.Release|Any CPU.ActiveCfg = Release|Any CPU
		{DEEBBCBC-AB36-4979-8F17-F998AAEE7CFD}.Release|Any CPU.Build.0 = Release|Any CPU
	EndGlobalSection
	GlobalSection(SolutionProperties) = preSolution
		HideSolutionNode = FALSE
	EndGlobalSection
	GlobalSection(ExtensibilityGlobals) = postSolution
		SolutionGuid = {A851A766-6970-4248-BA97-ED7EB8A35CF4}
	EndGlobalSection
EndGlobal
