
Microsoft Visual Studio Solution File, Format Version 12.00
# Visual Studio Version 17
VisualStudioVersion = 17.5.33516.290
MinimumVisualStudioVersion = 10.0.40219.1
Project("{FAE04EC0-301F-11D3-BF4B-00C04F79EFBC}") = "Ejercicio_15", "Ejercicio_15\Ejercicio_15.csproj", "{1FACF964-CC14-48E6-AAB2-34503961AD3D}"
EndProject
Project("{FAE04EC0-301F-11D3-BF4B-00C04F79EFBC}") = "Entidades", "Entidades\Entidades.csproj", "{7F1933E0-0F54-4712-BFFA-C0D0F33AEDDA}"
EndProject
Global
	GlobalSection(SolutionConfigurationPlatforms) = preSolution
		Debug|Any CPU = Debug|Any CPU
		Release|Any CPU = Release|Any CPU
	EndGlobalSection
	GlobalSection(ProjectConfigurationPlatforms) = postSolution
		{1FACF964-CC14-48E6-AAB2-34503961AD3D}.Debug|Any CPU.ActiveCfg = Debug|Any CPU
		{1FACF964-CC14-48E6-AAB2-34503961AD3D}.Debug|Any CPU.Build.0 = Debug|Any CPU
		{1FACF964-CC14-48E6-AAB2-34503961AD3D}.Release|Any CPU.ActiveCfg = Release|Any CPU
		{1FACF964-CC14-48E6-AAB2-34503961AD3D}.Release|Any CPU.Build.0 = Release|Any CPU
		{7F1933E0-0F54-4712-BFFA-C0D0F33AEDDA}.Debug|Any CPU.ActiveCfg = Debug|Any CPU
		{7F1933E0-0F54-4712-BFFA-C0D0F33AEDDA}.Debug|Any CPU.Build.0 = Debug|Any CPU
		{7F1933E0-0F54-4712-BFFA-C0D0F33AEDDA}.Release|Any CPU.ActiveCfg = Release|Any CPU
		{7F1933E0-0F54-4712-BFFA-C0D0F33AEDDA}.Release|Any CPU.Build.0 = Release|Any CPU
	EndGlobalSection
	GlobalSection(SolutionProperties) = preSolution
		HideSolutionNode = FALSE
	EndGlobalSection
	GlobalSection(ExtensibilityGlobals) = postSolution
		SolutionGuid = {1D43A33E-F50B-4B47-934A-CCBA097BE1A6}
	EndGlobalSection
EndGlobal
