
Microsoft Visual Studio Solution File, Format Version 12.00
# Visual Studio Version 17
VisualStudioVersion = 17.5.33516.290
MinimumVisualStudioVersion = 10.0.40219.1
Project("{FAE04EC0-301F-11D3-BF4B-00C04F79EFBC}") = "Ejercicio_04", "Ejercicio_04\Ejercicio_04.csproj", "{0F6B5578-D567-48FC-89FB-7707ACEC8903}"
EndProject
Global
	GlobalSection(SolutionConfigurationPlatforms) = preSolution
		Debug|Any CPU = Debug|Any CPU
		Release|Any CPU = Release|Any CPU
	EndGlobalSection
	GlobalSection(ProjectConfigurationPlatforms) = postSolution
		{0F6B5578-D567-48FC-89FB-7707ACEC8903}.Debug|Any CPU.ActiveCfg = Debug|Any CPU
		{0F6B5578-D567-48FC-89FB-7707ACEC8903}.Debug|Any CPU.Build.0 = Debug|Any CPU
		{0F6B5578-D567-48FC-89FB-7707ACEC8903}.Release|Any CPU.ActiveCfg = Release|Any CPU
		{0F6B5578-D567-48FC-89FB-7707ACEC8903}.Release|Any CPU.Build.0 = Release|Any CPU
	EndGlobalSection
	GlobalSection(SolutionProperties) = preSolution
		HideSolutionNode = FALSE
	EndGlobalSection
	GlobalSection(ExtensibilityGlobals) = postSolution
		SolutionGuid = {F2541DA7-DF4A-45C6-B4AA-F335F0308BDE}
	EndGlobalSection
EndGlobal
