
Microsoft Visual Studio Solution File, Format Version 12.00
# Visual Studio Version 17
VisualStudioVersion = 17.5.33516.290
MinimumVisualStudioVersion = 10.0.40219.1
Project("{FAE04EC0-301F-11D3-BF4B-00C04F79EFBC}") = "Ejercicio_13", "Ejercicio_13\Ejercicio_13.csproj", "{8F5F9593-7019-4AFE-8AB2-570010B334CF}"
EndProject
Project("{FAE04EC0-301F-11D3-BF4B-00C04F79EFBC}") = "Conversor", "Conversor\Conversor.csproj", "{7F628E79-6E70-4D3F-9E21-E51EEC0D3723}"
EndProject
Global
	GlobalSection(SolutionConfigurationPlatforms) = preSolution
		Debug|Any CPU = Debug|Any CPU
		Release|Any CPU = Release|Any CPU
	EndGlobalSection
	GlobalSection(ProjectConfigurationPlatforms) = postSolution
		{8F5F9593-7019-4AFE-8AB2-570010B334CF}.Debug|Any CPU.ActiveCfg = Debug|Any CPU
		{8F5F9593-7019-4AFE-8AB2-570010B334CF}.Debug|Any CPU.Build.0 = Debug|Any CPU
		{8F5F9593-7019-4AFE-8AB2-570010B334CF}.Release|Any CPU.ActiveCfg = Release|Any CPU
		{8F5F9593-7019-4AFE-8AB2-570010B334CF}.Release|Any CPU.Build.0 = Release|Any CPU
		{7F628E79-6E70-4D3F-9E21-E51EEC0D3723}.Debug|Any CPU.ActiveCfg = Debug|Any CPU
		{7F628E79-6E70-4D3F-9E21-E51EEC0D3723}.Debug|Any CPU.Build.0 = Debug|Any CPU
		{7F628E79-6E70-4D3F-9E21-E51EEC0D3723}.Release|Any CPU.ActiveCfg = Release|Any CPU
		{7F628E79-6E70-4D3F-9E21-E51EEC0D3723}.Release|Any CPU.Build.0 = Release|Any CPU
	EndGlobalSection
	GlobalSection(SolutionProperties) = preSolution
		HideSolutionNode = FALSE
	EndGlobalSection
	GlobalSection(ExtensibilityGlobals) = postSolution
		SolutionGuid = {0A06DF46-3390-4A13-B0BA-3A30EFAC35D0}
	EndGlobalSection
EndGlobal
