
Microsoft Visual Studio Solution File, Format Version 12.00
# Visual Studio Version 17
VisualStudioVersion = 17.5.33516.290
MinimumVisualStudioVersion = 10.0.40219.1
Project("{FAE04EC0-301F-11D3-BF4B-00C04F79EFBC}") = "Ejercicio_08", "Ejercicio_08\Ejercicio_08.csproj", "{3E5FD3C4-B3C0-422E-9C42-880005220C17}"
EndProject
Global
	GlobalSection(SolutionConfigurationPlatforms) = preSolution
		Debug|Any CPU = Debug|Any CPU
		Release|Any CPU = Release|Any CPU
	EndGlobalSection
	GlobalSection(ProjectConfigurationPlatforms) = postSolution
		{3E5FD3C4-B3C0-422E-9C42-880005220C17}.Debug|Any CPU.ActiveCfg = Debug|Any CPU
		{3E5FD3C4-B3C0-422E-9C42-880005220C17}.Debug|Any CPU.Build.0 = Debug|Any CPU
		{3E5FD3C4-B3C0-422E-9C42-880005220C17}.Release|Any CPU.ActiveCfg = Release|Any CPU
		{3E5FD3C4-B3C0-422E-9C42-880005220C17}.Release|Any CPU.Build.0 = Release|Any CPU
	EndGlobalSection
	GlobalSection(SolutionProperties) = preSolution
		HideSolutionNode = FALSE
	EndGlobalSection
	GlobalSection(ExtensibilityGlobals) = postSolution
		SolutionGuid = {A2C68693-6917-4710-8D4A-9F4DF7E98B23}
	EndGlobalSection
EndGlobal
