
Microsoft Visual Studio Solution File, Format Version 12.00
# Visual Studio Version 17
VisualStudioVersion = 17.5.33516.290
MinimumVisualStudioVersion = 10.0.40219.1
Project("{FAE04EC0-301F-11D3-BF4B-00C04F79EFBC}") = "Ejercicio_03", "Ejercicio_03\Ejercicio_03.csproj", "{D42EF265-3AC3-4495-935C-A0F8B937D281}"
EndProject
Global
	GlobalSection(SolutionConfigurationPlatforms) = preSolution
		Debug|Any CPU = Debug|Any CPU
		Release|Any CPU = Release|Any CPU
	EndGlobalSection
	GlobalSection(ProjectConfigurationPlatforms) = postSolution
		{D42EF265-3AC3-4495-935C-A0F8B937D281}.Debug|Any CPU.ActiveCfg = Debug|Any CPU
		{D42EF265-3AC3-4495-935C-A0F8B937D281}.Debug|Any CPU.Build.0 = Debug|Any CPU
		{D42EF265-3AC3-4495-935C-A0F8B937D281}.Release|Any CPU.ActiveCfg = Release|Any CPU
		{D42EF265-3AC3-4495-935C-A0F8B937D281}.Release|Any CPU.Build.0 = Release|Any CPU
	EndGlobalSection
	GlobalSection(SolutionProperties) = preSolution
		HideSolutionNode = FALSE
	EndGlobalSection
	GlobalSection(ExtensibilityGlobals) = postSolution
		SolutionGuid = {4993A2AC-E3CD-4D23-A0F4-45764F493AE8}
	EndGlobalSection
EndGlobal
